
Microsoft Visual Studio Solution File, Format Version 12.00
# Visual Studio Version 17
VisualStudioVersion = 17.0.31912.275
MinimumVisualStudioVersion = 10.0.40219.1
Project("{9A19103F-16F7-4668-BE54-9A1E7A4F7556}") = "PlantC.CitoyensEntreprises.API", "PlantC.CitoyensEntreprises.API\PlantC.CitoyensEntreprises.API.csproj", "{DEFE2202-6842-43D6-A52A-3866317BADB0}"
EndProject
Project("{FAE04EC0-301F-11D3-BF4B-00C04F79EFBC}") = "PlantC.CitoyensEntreprise.DAL", "PlantC.CitoyensEntreprise.DAL\PlantC.CitoyensEntreprise.DAL.csproj", "{A52C1E9F-AD0B-496C-AD5B-2FED9ED8CE14}"
EndProject
Project("{FAE04EC0-301F-11D3-BF4B-00C04F79EFBC}") = "PlantC.CitoyensEntreprises.BLL", "PlantC.CitoyensEntreprises.BLL\PlantC.CitoyensEntreprises.BLL.csproj", "{59349439-76E4-427F-A258-4AC74794CC93}"
EndProject
Global
	GlobalSection(SolutionConfigurationPlatforms) = preSolution
		Debug|Any CPU = Debug|Any CPU
		Release|Any CPU = Release|Any CPU
	EndGlobalSection
	GlobalSection(ProjectConfigurationPlatforms) = postSolution
		{DEFE2202-6842-43D6-A52A-3866317BADB0}.Debug|Any CPU.ActiveCfg = Debug|Any CPU
		{DEFE2202-6842-43D6-A52A-3866317BADB0}.Debug|Any CPU.Build.0 = Debug|Any CPU
		{DEFE2202-6842-43D6-A52A-3866317BADB0}.Release|Any CPU.ActiveCfg = Release|Any CPU
		{DEFE2202-6842-43D6-A52A-3866317BADB0}.Release|Any CPU.Build.0 = Release|Any CPU
		{A52C1E9F-AD0B-496C-AD5B-2FED9ED8CE14}.Debug|Any CPU.ActiveCfg = Debug|Any CPU
		{A52C1E9F-AD0B-496C-AD5B-2FED9ED8CE14}.Debug|Any CPU.Build.0 = Debug|Any CPU
		{A52C1E9F-AD0B-496C-AD5B-2FED9ED8CE14}.Release|Any CPU.ActiveCfg = Release|Any CPU
		{A52C1E9F-AD0B-496C-AD5B-2FED9ED8CE14}.Release|Any CPU.Build.0 = Release|Any CPU
		{59349439-76E4-427F-A258-4AC74794CC93}.Debug|Any CPU.ActiveCfg = Debug|Any CPU
		{59349439-76E4-427F-A258-4AC74794CC93}.Debug|Any CPU.Build.0 = Debug|Any CPU
		{59349439-76E4-427F-A258-4AC74794CC93}.Release|Any CPU.ActiveCfg = Release|Any CPU
		{59349439-76E4-427F-A258-4AC74794CC93}.Release|Any CPU.Build.0 = Release|Any CPU
	EndGlobalSection
	GlobalSection(SolutionProperties) = preSolution
		HideSolutionNode = FALSE
	EndGlobalSection
	GlobalSection(ExtensibilityGlobals) = postSolution
		SolutionGuid = {D6393974-D4D3-4466-84A9-C4B9CD131E80}
	EndGlobalSection
EndGlobal
